// !$*UTF8*$!
{
	archiveVersion = 1;
	classes = {
	};
	objectVersion = 46;
	objects = {

/* Begin PBXBuildFile section */
		3EEB278A7B86D82B8D0B97C3 /* Pods_Example.framework in Frameworks */ = {isa = PBXBuildFile; fileRef = EAAC1F38DE6D7161EAB1649F /* Pods_Example.framework */; };
		CF8609451E4DC7CB001C0E76 /* AppDelegate.swift in Sources */ = {isa = PBXBuildFile; fileRef = CF8609441E4DC7CB001C0E76 /* AppDelegate.swift */; };
		CF8609471E4DC7CB001C0E76 /* ViewController.swift in Sources */ = {isa = PBXBuildFile; fileRef = CF8609461E4DC7CB001C0E76 /* ViewController.swift */; };
		CF86094A1E4DC7CB001C0E76 /* Main.storyboard in Resources */ = {isa = PBXBuildFile; fileRef = CF8609481E4DC7CB001C0E76 /* Main.storyboard */; };
		CF86094C1E4DC7CB001C0E76 /* Assets.xcassets in Resources */ = {isa = PBXBuildFile; fileRef = CF86094B1E4DC7CB001C0E76 /* Assets.xcassets */; };
		CF86094F1E4DC7CB001C0E76 /* LaunchScreen.storyboard in Resources */ = {isa = PBXBuildFile; fileRef = CF86094D1E4DC7CB001C0E76 /* LaunchScreen.storyboard */; };
		CF86095E1E4DCA27001C0E76 /* CollectionViewCell.swift in Sources */ = {isa = PBXBuildFile; fileRef = CF86095D1E4DCA27001C0E76 /* CollectionViewCell.swift */; };
/* End PBXBuildFile section */

/* Begin PBXFileReference section */
		30CFE63241D0F7FA70B367BA /* Pods-Example.debug.xcconfig */ = {isa = PBXFileReference; includeInIndex = 1; lastKnownFileType = text.xcconfig; name = "Pods-Example.debug.xcconfig"; path = "Pods/Target Support Files/Pods-Example/Pods-Example.debug.xcconfig"; sourceTree = "<group>"; };
		873B9DD11B600F8484AC6FD8 /* Pods-Example.release.xcconfig */ = {isa = PBXFileReference; includeInIndex = 1; lastKnownFileType = text.xcconfig; name = "Pods-Example.release.xcconfig"; path = "Pods/Target Support Files/Pods-Example/Pods-Example.release.xcconfig"; sourceTree = "<group>"; };
		CF8609411E4DC7CB001C0E76 /* Example.app */ = {isa = PBXFileReference; explicitFileType = wrapper.application; includeInIndex = 0; path = Example.app; sourceTree = BUILT_PRODUCTS_DIR; };
		CF8609441E4DC7CB001C0E76 /* AppDelegate.swift */ = {isa = PBXFileReference; lastKnownFileType = sourcecode.swift; path = AppDelegate.swift; sourceTree = "<group>"; };
		CF8609461E4DC7CB001C0E76 /* ViewController.swift */ = {isa = PBXFileReference; lastKnownFileType = sourcecode.swift; path = ViewController.swift; sourceTree = "<group>"; };
		CF8609491E4DC7CB001C0E76 /* Base */ = {isa = PBXFileReference; lastKnownFileType = file.storyboard; name = Base; path = Base.lproj/Main.storyboard; sourceTree = "<group>"; };
		CF86094B1E4DC7CB001C0E76 /* Assets.xcassets */ = {isa = PBXFileReference; lastKnownFileType = folder.assetcatalog; path = Assets.xcassets; sourceTree = "<group>"; };
		CF86094E1E4DC7CB001C0E76 /* Base */ = {isa = PBXFileReference; lastKnownFileType = file.storyboard; name = Base; path = Base.lproj/LaunchScreen.storyboard; sourceTree = "<group>"; };
		CF8609501E4DC7CB001C0E76 /* Info.plist */ = {isa = PBXFileReference; lastKnownFileType = text.plist.xml; path = Info.plist; sourceTree = "<group>"; };
		CF86095D1E4DCA27001C0E76 /* CollectionViewCell.swift */ = {isa = PBXFileReference; fileEncoding = 4; lastKnownFileType = sourcecode.swift; path = CollectionViewCell.swift; sourceTree = "<group>"; };
		EAAC1F38DE6D7161EAB1649F /* Pods_Example.framework */ = {isa = PBXFileReference; explicitFileType = wrapper.framework; includeInIndex = 0; path = Pods_Example.framework; sourceTree = BUILT_PRODUCTS_DIR; };
/* End PBXFileReference section */

/* Begin PBXFrameworksBuildPhase section */
		CF86093E1E4DC7CB001C0E76 /* Frameworks */ = {
			isa = PBXFrameworksBuildPhase;
			buildActionMask = 2147483647;
			files = (
				3EEB278A7B86D82B8D0B97C3 /* Pods_Example.framework in Frameworks */,
			);
			runOnlyForDeploymentPostprocessing = 0;
		};
/* End PBXFrameworksBuildPhase section */

/* Begin PBXGroup section */
		0B1AC99D123458C988518B05 /* Pods */ = {
			isa = PBXGroup;
			children = (
				30CFE63241D0F7FA70B367BA /* Pods-Example.debug.xcconfig */,
				873B9DD11B600F8484AC6FD8 /* Pods-Example.release.xcconfig */,
			);
			name = Pods;
			sourceTree = "<group>";
		};
		CF8609381E4DC7CB001C0E76 = {
			isa = PBXGroup;
			children = (
				CF8609431E4DC7CB001C0E76 /* Example */,
				CF8609421E4DC7CB001C0E76 /* Products */,
				0B1AC99D123458C988518B05 /* Pods */,
				ED1061EE46991F54E0CB9C07 /* Frameworks */,
			);
			sourceTree = "<group>";
		};
		CF8609421E4DC7CB001C0E76 /* Products */ = {
			isa = PBXGroup;
			children = (
				CF8609411E4DC7CB001C0E76 /* Example.app */,
			);
			name = Products;
			sourceTree = "<group>";
		};
		CF8609431E4DC7CB001C0E76 /* Example */ = {
			isa = PBXGroup;
			children = (
				CF8609441E4DC7CB001C0E76 /* AppDelegate.swift */,
				CF8609461E4DC7CB001C0E76 /* ViewController.swift */,
				CF86095D1E4DCA27001C0E76 /* CollectionViewCell.swift */,
				CF8609481E4DC7CB001C0E76 /* Main.storyboard */,
				CF86094B1E4DC7CB001C0E76 /* Assets.xcassets */,
				CF86094D1E4DC7CB001C0E76 /* LaunchScreen.storyboard */,
				CF8609501E4DC7CB001C0E76 /* Info.plist */,
			);
			path = Example;
			sourceTree = "<group>";
		};
		ED1061EE46991F54E0CB9C07 /* Frameworks */ = {
			isa = PBXGroup;
			children = (
				EAAC1F38DE6D7161EAB1649F /* Pods_Example.framework */,
			);
			name = Frameworks;
			sourceTree = "<group>";
		};
/* End PBXGroup section */

/* Begin PBXNativeTarget section */
		CF8609401E4DC7CB001C0E76 /* Example */ = {
			isa = PBXNativeTarget;
			buildConfigurationList = CF8609531E4DC7CB001C0E76 /* Build configuration list for PBXNativeTarget "Example" */;
			buildPhases = (
				9A1D31C0C2AC389FC0B2D610 /* [CP] Check Pods Manifest.lock */,
				CF86093D1E4DC7CB001C0E76 /* Sources */,
				CF86093E1E4DC7CB001C0E76 /* Frameworks */,
				CF86093F1E4DC7CB001C0E76 /* Resources */,
				DF97B0D1E3FBFA397A877636 /* [CP] Embed Pods Frameworks */,
				DD1CDBA4955AD73570B80F9F /* [CP] Copy Pods Resources */,
			);
			buildRules = (
			);
			dependencies = (
			);
			name = Example;
			productName = Example;
			productReference = CF8609411E4DC7CB001C0E76 /* Example.app */;
			productType = "com.apple.product-type.application";
		};
/* End PBXNativeTarget section */

/* Begin PBXProject section */
		CF8609391E4DC7CB001C0E76 /* Project object */ = {
			isa = PBXProject;
			attributes = {
				LastSwiftUpdateCheck = 0820;
				LastUpgradeCheck = 0820;
				ORGANIZATIONNAME = "kai zhou";
				TargetAttributes = {
					CF8609401E4DC7CB001C0E76 = {
						CreatedOnToolsVersion = 8.2.1;
						ProvisioningStyle = Automatic;
					};
				};
			};
			buildConfigurationList = CF86093C1E4DC7CB001C0E76 /* Build configuration list for PBXProject "Example" */;
			compatibilityVersion = "Xcode 3.2";
			developmentRegion = English;
			hasScannedForEncodings = 0;
			knownRegions = (
				en,
				Base,
			);
			mainGroup = CF8609381E4DC7CB001C0E76;
			productRefGroup = CF8609421E4DC7CB001C0E76 /* Products */;
			projectDirPath = "";
			projectRoot = "";
			targets = (
				CF8609401E4DC7CB001C0E76 /* Example */,
			);
		};
/* End PBXProject section */

/* Begin PBXResourcesBuildPhase section */
		CF86093F1E4DC7CB001C0E76 /* Resources */ = {
			isa = PBXResourcesBuildPhase;
			buildActionMask = 2147483647;
			files = (
				CF86094F1E4DC7CB001C0E76 /* LaunchScreen.storyboard in Resources */,
				CF86094C1E4DC7CB001C0E76 /* Assets.xcassets in Resources */,
				CF86094A1E4DC7CB001C0E76 /* Main.storyboard in Resources */,
			);
			runOnlyForDeploymentPostprocessing = 0;
		};
/* End PBXResourcesBuildPhase section */

/* Begin PBXShellScriptBuildPhase section */
		9A1D31C0C2AC389FC0B2D610 /* [CP] Check Pods Manifest.lock */ = {
			isa = PBXShellScriptBuildPhase;
			buildActionMask = 2147483647;
			files = (
			);
			inputPaths = (
			);
			name = "[CP] Check Pods Manifest.lock";
			outputPaths = (
			);
			runOnlyForDeploymentPostprocessing = 0;
			shellPath = /bin/sh;
			shellScript = "diff \"${PODS_ROOT}/../Podfile.lock\" \"${PODS_ROOT}/Manifest.lock\" > /dev/null\nif [ $? != 0 ] ; then\n    # print error to STDERR\n    echo \"error: The sandbox is not in sync with the Podfile.lock. Run 'pod install' or update your CocoaPods installation.\" >&2\n    exit 1\nfi\n";
			showEnvVarsInLog = 0;
		};
		DD1CDBA4955AD73570B80F9F /* [CP] Copy Pods Resources */ = {
			isa = PBXShellScriptBuildPhase;
			buildActionMask = 2147483647;
			files = (
			);
			inputPaths = (
			);
			name = "[CP] Copy Pods Resources";
			outputPaths = (
			);
			runOnlyForDeploymentPostprocessing = 0;
			shellPath = /bin/sh;
			shellScript = "\"${SRCROOT}/Pods/Target Support Files/Pods-Example/Pods-Example-resources.sh\"\n";
			showEnvVarsInLog = 0;
		};
		DF97B0D1E3FBFA397A877636 /* [CP] Embed Pods Frameworks */ = {
			isa = PBXShellScriptBuildPhase;
			buildActionMask = 2147483647;
			files = (
			);
			inputPaths = (
			);
			name = "[CP] Embed Pods Frameworks";
			outputPaths = (
			);
			runOnlyForDeploymentPostprocessing = 0;
			shellPath = /bin/sh;
			shellScript = "\"${SRCROOT}/Pods/Target Support Files/Pods-Example/Pods-Example-frameworks.sh\"\n";
			showEnvVarsInLog = 0;
		};
/* End PBXShellScriptBuildPhase section */

/* Begin PBXSourcesBuildPhase section */
		CF86093D1E4DC7CB001C0E76 /* Sources */ = {
			isa = PBXSourcesBuildPhase;
			buildActionMask = 2147483647;
			files = (
				CF8609471E4DC7CB001C0E76 /* ViewController.swift in Sources */,
				CF8609451E4DC7CB001C0E76 /* AppDelegate.swift in Sources */,
				CF86095E1E4DCA27001C0E76 /* CollectionViewCell.swift in Sources */,
			);
			runOnlyForDeploymentPostprocessing = 0;
		};
/* End PBXSourcesBuildPhase section */

/* Begin PBXVariantGroup section */
		CF8609481E4DC7CB001C0E76 /* Main.storyboard */ = {
			isa = PBXVariantGroup;
			children = (
				CF8609491E4DC7CB001C0E76 /* Base */,
			);
			name = Main.storyboard;
			sourceTree = "<group>";
		};
		CF86094D1E4DC7CB001C0E76 /* LaunchScreen.storyboard */ = {
			isa = PBXVariantGroup;
			children = (
				CF86094E1E4DC7CB001C0E76 /* Base */,
			);
			name = LaunchScreen.storyboard;
			sourceTree = "<group>";
		};
/* End PBXVariantGroup section */

/* Begin XCBuildConfiguration section */
		CF8609511E4DC7CB001C0E76 /* Debug */ = {
			isa = XCBuildConfiguration;
			buildSettings = {
				ALWAYS_SEARCH_USER_PATHS = NO;
				CLANG_ANALYZER_NONNULL = YES;
				CLANG_CXX_LANGUAGE_STANDARD = "gnu++0x";
				CLANG_CXX_LIBRARY = "libc++";
				CLANG_ENABLE_MODULES = YES;
				CLANG_ENABLE_OBJC_ARC = YES;
				CLANG_WARN_BOOL_CONVERSION = YES;
				CLANG_WARN_CONSTANT_CONVERSION = YES;
				CLANG_WARN_DIRECT_OBJC_ISA_USAGE = YES_ERROR;
				CLANG_WARN_DOCUMENTATION_COMMENTS = YES;
				CLANG_WARN_EMPTY_BODY = YES;
				CLANG_WARN_ENUM_CONVERSION = YES;
				CLANG_WARN_INFINITE_RECURSION = YES;
				CLANG_WARN_INT_CONVERSION = YES;
				CLANG_WARN_OBJC_ROOT_CLASS = YES_ERROR;
				CLANG_WARN_SUSPICIOUS_MOVE = YES;
				CLANG_WARN_UNREACHABLE_CODE = YES;
				CLANG_WARN__DUPLICATE_METHOD_MATCH = YES;
				"CODE_SIGN_IDENTITY[sdk=iphoneos*]" = "iPhone Developer";
				COPY_PHASE_STRIP = NO;
				DEBUG_INFORMATION_FORMAT = dwarf;
				ENABLE_STRICT_OBJC_MSGSEND = YES;
				ENABLE_TESTABILITY = YES;
				GCC_C_LANGUAGE_STANDARD = gnu99;
				GCC_DYNAMIC_NO_PIC = NO;
				GCC_NO_COMMON_BLOCKS = YES;
				GCC_OPTIMIZATION_LEVEL = 0;
				GCC_PREPROCESSOR_DEFINITIONS = (
					"DEBUG=1",
					"$(inherited)",
				);
				GCC_WARN_64_TO_32_BIT_CONVERSION = YES;
				GCC_WARN_ABOUT_RETURN_TYPE = YES_ERROR;
				GCC_WARN_UNDECLARED_SELECTOR = YES;
				GCC_WARN_UNINITIALIZED_AUTOS = YES_AGGRESSIVE;
				GCC_WARN_UNUSED_FUNCTION = YES;
				GCC_WARN_UNUSED_VARIABLE = YES;
				IPHONEOS_DEPLOYMENT_TARGET = 10.2;
				MTL_ENABLE_DEBUG_INFO = YES;
				ONLY_ACTIVE_ARCH = YES;
				SDKROOT = iphoneos;
				SWIFT_ACTIVE_COMPILATION_CONDITIONS = DEBUG;
				SWIFT_OPTIMIZATION_LEVEL = "-Onone";
				TARGETED_DEVICE_FAMILY = "1,2";
			};
			name = Debug;
		};
		CF8609521E4DC7CB001C0E76 /* Release */ = {
			isa = XCBuildConfiguration;
			buildSettings = {
				ALWAYS_SEARCH_USER_PATHS = NO;
				CLANG_ANALYZER_NONNULL = YES;
				CLANG_CXX_LANGUAGE_STANDARD = "gnu++0x";
				CLANG_CXX_LIBRARY = "libc++";
				CLANG_ENABLE_MODULES = YES;
				CLANG_ENABLE_OBJC_ARC = YES;
				CLANG_WARN_BOOL_CONVERSION = YES;
				CLANG_WARN_CONSTANT_CONVERSION = YES;
				CLANG_WARN_DIRECT_OBJC_ISA_USAGE = YES_ERROR;
				CLANG_WARN_DOCUMENTATION_COMMENTS = YES;
				CLANG_WARN_EMPTY_BODY = YES;
				CLANG_WARN_ENUM_CONVERSION = YES;
				CLANG_WARN_INFINITE_RECURSION = YES;
				CLANG_WARN_INT_CONVERSION = YES;
				CLANG_WARN_OBJC_ROOT_CLASS = YES_ERROR;
				CLANG_WARN_SUSPICIOUS_MOVE = YES;
				CLANG_WARN_UNREACHABLE_CODE = YES;
				CLANG_WARN__DUPLICATE_METHOD_MATCH = YES;
				"CODE_SIGN_IDENTITY[sdk=iphoneos*]" = "iPhone Developer";
				COPY_PHASE_STRIP = NO;
				DEBUG_INFORMATION_FORMAT = "dwarf-with-dsym";
				ENABLE_NS_ASSERTIONS = NO;
				ENABLE_STRICT_OBJC_MSGSEND = YES;
				GCC_C_LANGUAGE_STANDARD = gnu99;
				GCC_NO_COMMON_BLOCKS = YES;
				GCC_WARN_64_TO_32_BIT_CONVERSION = YES;
				GCC_WARN_ABOUT_RETURN_TYPE = YES_ERROR;
				GCC_WARN_UNDECLARED_SELECTOR = YES;
				GCC_WARN_UNINITIALIZED_AUTOS = YES_AGGRESSIVE;
				GCC_WARN_UNUSED_FUNCTION = YES;
				GCC_WARN_UNUSED_VARIABLE = YES;
				IPHONEOS_DEPLOYMENT_TARGET = 10.2;
				MTL_ENABLE_DEBUG_INFO = NO;
				SDKROOT = iphoneos;
				SWIFT_OPTIMIZATION_LEVEL = "-Owholemodule";
				TARGETED_DEVICE_FAMILY = "1,2";
				VALIDATE_PRODUCT = YES;
			};
			name = Release;
		};
		CF8609541E4DC7CB001C0E76 /* Debug */ = {
			isa = XCBuildConfiguration;
			baseConfigurationReference = 30CFE63241D0F7FA70B367BA /* Pods-Example.debug.xcconfig */;
			buildSettings = {
				ASSETCATALOG_COMPILER_APPICON_NAME = AppIcon;
				INFOPLIST_FILE = Example/Info.plist;
				LD_RUNPATH_SEARCH_PATHS = "$(inherited) @executable_path/Frameworks";
				PRODUCT_BUNDLE_IDENTIFIER = com.heregins.Example;
				PRODUCT_NAME = "$(TARGET_NAME)";
				SWIFT_VERSION = 3.0;
			};
			name = Debug;
		};
		CF8609551E4DC7CB001C0E76 /* Release */ = {
			isa = XCBuildConfiguration;
			baseConfigurationReference = 873B9DD11B600F8484AC6FD8 /* Pods-Example.release.xcconfig */;
			buildSettings = {
				ASSETCATALOG_COMPILER_APPICON_NAME = AppIcon;
				INFOPLIST_FILE = Example/Info.plist;
				LD_RUNPATH_SEARCH_PATHS = "$(inherited) @executable_path/Frameworks";
				PRODUCT_BUNDLE_IDENTIFIER = com.heregins.Example;
				PRODUCT_NAME = "$(TARGET_NAME)";
				SWIFT_VERSION = 3.0;
			};
			name = Release;
		};
/* End XCBuildConfiguration section */

/* Begin XCConfigurationList section */
		CF86093C1E4DC7CB001C0E76 /* Build configuration list for PBXProject "Example" */ = {
			isa = XCConfigurationList;
			buildConfigurations = (
				CF8609511E4DC7CB001C0E76 /* Debug */,
				CF8609521E4DC7CB001C0E76 /* Release */,
			);
			defaultConfigurationIsVisible = 0;
			defaultConfigurationName = Release;
		};
		CF8609531E4DC7CB001C0E76 /* Build configuration list for PBXNativeTarget "Example" */ = {
			isa = XCConfigurationList;
			buildConfigurations = (
				CF8609541E4DC7CB001C0E76 /* Debug */,
				CF8609551E4DC7CB001C0E76 /* Release */,
			);
			defaultConfigurationIsVisible = 0;
			defaultConfigurationName = Release;
		};
/* End XCConfigurationList section */
	};
	rootObject = CF8609391E4DC7CB001C0E76 /* Project object */;
}
